
Microsoft Visual Studio Solution File, Format Version 12.00
# Visual Studio 15
VisualStudioVersion = 15.0.26730.10
MinimumVisualStudioVersion = 10.0.40219.1
Project("{F2A71F9B-5D33-465A-A702-920D77279786}") = "BotiquinFabulous.Android", "BotiquinFabulous.Android\BotiquinFabulous.Android.fsproj", "{E3925FC1-930E-47CA-BFCD-9DE0D85A978C}"
EndProject
Project("{F2A71F9B-5D33-465A-A702-920D77279786}") = "BotiquinFabulous.iOS", "BotiquinFabulous.iOS\BotiquinFabulous.iOS.fsproj", "{3FB4D439-C7E3-4DC9-8447-507792A0A73F}"
EndProject
Project("{F2A71F9B-5D33-465A-A702-920D77279786}") = "Botiquin", "Botiquin\Botiquin.fsproj", "{5F73FEAD-313E-4409-874B-0B267C2EC3AA}"
EndProject
Project("{F2A71F9B-5D33-465A-A702-920D77279786}") = "BotiquinFabulous", "BotiquinFabulous\BotiquinFabulous.fsproj", "{C0700A54-6AE3-4BCF-9978-0D2E81D29F51}"
EndProject
Project("{2150E333-8FDC-42A3-9474-1A3956D46DE8}") = "Solution Items", "Solution Items", "{B302F6CC-FEB0-46B0-93E7-F46AEEC874F6}"
	ProjectSection(SolutionItems) = preProject
		README.md = README.md
	EndProjectSection
EndProject
Global
	GlobalSection(SolutionConfigurationPlatforms) = preSolution
		Ad-Hoc|Any CPU = Ad-Hoc|Any CPU
		Ad-Hoc|ARM = Ad-Hoc|ARM
		Ad-Hoc|iPhone = Ad-Hoc|iPhone
		Ad-Hoc|iPhoneSimulator = Ad-Hoc|iPhoneSimulator
		Ad-Hoc|x64 = Ad-Hoc|x64
		Ad-Hoc|x86 = Ad-Hoc|x86
		AppStore|Any CPU = AppStore|Any CPU
		AppStore|ARM = AppStore|ARM
		AppStore|iPhone = AppStore|iPhone
		AppStore|iPhoneSimulator = AppStore|iPhoneSimulator
		AppStore|x64 = AppStore|x64
		AppStore|x86 = AppStore|x86
		Debug|Any CPU = Debug|Any CPU
		Debug|ARM = Debug|ARM
		Debug|iPhone = Debug|iPhone
		Debug|iPhoneSimulator = Debug|iPhoneSimulator
		Debug|x64 = Debug|x64
		Debug|x86 = Debug|x86
		Release|Any CPU = Release|Any CPU
		Release|ARM = Release|ARM
		Release|iPhone = Release|iPhone
		Release|iPhoneSimulator = Release|iPhoneSimulator
		Release|x64 = Release|x64
		Release|x86 = Release|x86
	EndGlobalSection
	GlobalSection(ProjectConfigurationPlatforms) = postSolution
		{3FB4D439-C7E3-4DC9-8447-507792A0A73F}.Ad-Hoc|Any CPU.ActiveCfg = Ad-Hoc|iPhone
		{3FB4D439-C7E3-4DC9-8447-507792A0A73F}.Ad-Hoc|ARM.ActiveCfg = Ad-Hoc|iPhone
		{3FB4D439-C7E3-4DC9-8447-507792A0A73F}.Ad-Hoc|iPhone.ActiveCfg = Ad-Hoc|iPhone
		{3FB4D439-C7E3-4DC9-8447-507792A0A73F}.Ad-Hoc|iPhone.Build.0 = Ad-Hoc|iPhone
		{3FB4D439-C7E3-4DC9-8447-507792A0A73F}.Ad-Hoc|iPhoneSimulator.ActiveCfg = Ad-Hoc|iPhoneSimulator
		{3FB4D439-C7E3-4DC9-8447-507792A0A73F}.Ad-Hoc|iPhoneSimulator.Build.0 = Ad-Hoc|iPhoneSimulator
		{3FB4D439-C7E3-4DC9-8447-507792A0A73F}.Ad-Hoc|x64.ActiveCfg = Ad-Hoc|iPhone
		{3FB4D439-C7E3-4DC9-8447-507792A0A73F}.Ad-Hoc|x86.ActiveCfg = Ad-Hoc|iPhone
		{3FB4D439-C7E3-4DC9-8447-507792A0A73F}.AppStore|Any CPU.ActiveCfg = AppStore|iPhone
		{3FB4D439-C7E3-4DC9-8447-507792A0A73F}.AppStore|ARM.ActiveCfg = AppStore|iPhone
		{3FB4D439-C7E3-4DC9-8447-507792A0A73F}.AppStore|iPhone.ActiveCfg = AppStore|iPhone
		{3FB4D439-C7E3-4DC9-8447-507792A0A73F}.AppStore|iPhone.Build.0 = AppStore|iPhone
		{3FB4D439-C7E3-4DC9-8447-507792A0A73F}.AppStore|iPhoneSimulator.ActiveCfg = AppStore|iPhoneSimulator
		{3FB4D439-C7E3-4DC9-8447-507792A0A73F}.AppStore|iPhoneSimulator.Build.0 = AppStore|iPhoneSimulator
		{3FB4D439-C7E3-4DC9-8447-507792A0A73F}.AppStore|x64.ActiveCfg = AppStore|iPhone
		{3FB4D439-C7E3-4DC9-8447-507792A0A73F}.AppStore|x86.ActiveCfg = AppStore|iPhone
		{3FB4D439-C7E3-4DC9-8447-507792A0A73F}.Debug|Any CPU.ActiveCfg = Debug|iPhone
		{3FB4D439-C7E3-4DC9-8447-507792A0A73F}.Debug|ARM.ActiveCfg = Debug|iPhone
		{3FB4D439-C7E3-4DC9-8447-507792A0A73F}.Debug|iPhone.ActiveCfg = Debug|iPhone
		{3FB4D439-C7E3-4DC9-8447-507792A0A73F}.Debug|iPhone.Build.0 = Debug|iPhone
		{3FB4D439-C7E3-4DC9-8447-507792A0A73F}.Debug|iPhoneSimulator.ActiveCfg = Debug|iPhoneSimulator
		{3FB4D439-C7E3-4DC9-8447-507792A0A73F}.Debug|iPhoneSimulator.Build.0 = Debug|iPhoneSimulator
		{3FB4D439-C7E3-4DC9-8447-507792A0A73F}.Debug|x64.ActiveCfg = Debug|iPhone
		{3FB4D439-C7E3-4DC9-8447-507792A0A73F}.Debug|x86.ActiveCfg = Debug|iPhone
		{3FB4D439-C7E3-4DC9-8447-507792A0A73F}.Release|Any CPU.ActiveCfg = Release|iPhone
		{3FB4D439-C7E3-4DC9-8447-507792A0A73F}.Release|ARM.ActiveCfg = Release|iPhone
		{3FB4D439-C7E3-4DC9-8447-507792A0A73F}.Release|iPhone.ActiveCfg = Release|iPhone
		{3FB4D439-C7E3-4DC9-8447-507792A0A73F}.Release|iPhone.Build.0 = Release|iPhone
		{3FB4D439-C7E3-4DC9-8447-507792A0A73F}.Release|iPhoneSimulator.ActiveCfg = Release|iPhoneSimulator
		{3FB4D439-C7E3-4DC9-8447-507792A0A73F}.Release|iPhoneSimulator.Build.0 = Release|iPhoneSimulator
		{3FB4D439-C7E3-4DC9-8447-507792A0A73F}.Release|x64.ActiveCfg = Release|iPhone
		{3FB4D439-C7E3-4DC9-8447-507792A0A73F}.Release|x86.ActiveCfg = Release|iPhone
		{429A771E-9FAF-4F3F-BFB0-0BD5A01285B4}.Ad-Hoc|Any CPU.ActiveCfg = Release|x86
		{429A771E-9FAF-4F3F-BFB0-0BD5A01285B4}.Ad-Hoc|Any CPU.Build.0 = Release|x86
		{429A771E-9FAF-4F3F-BFB0-0BD5A01285B4}.Ad-Hoc|Any CPU.Deploy.0 = Release|x86
		{429A771E-9FAF-4F3F-BFB0-0BD5A01285B4}.Ad-Hoc|ARM.ActiveCfg = Release|ARM
		{429A771E-9FAF-4F3F-BFB0-0BD5A01285B4}.Ad-Hoc|ARM.Build.0 = Release|ARM
		{429A771E-9FAF-4F3F-BFB0-0BD5A01285B4}.Ad-Hoc|ARM.Deploy.0 = Release|ARM
		{429A771E-9FAF-4F3F-BFB0-0BD5A01285B4}.Ad-Hoc|iPhone.ActiveCfg = Release|x86
		{429A771E-9FAF-4F3F-BFB0-0BD5A01285B4}.Ad-Hoc|iPhone.Build.0 = Release|x86
		{429A771E-9FAF-4F3F-BFB0-0BD5A01285B4}.Ad-Hoc|iPhone.Deploy.0 = Release|x86
		{429A771E-9FAF-4F3F-BFB0-0BD5A01285B4}.Ad-Hoc|iPhoneSimulator.ActiveCfg = Release|x86
		{429A771E-9FAF-4F3F-BFB0-0BD5A01285B4}.Ad-Hoc|iPhoneSimulator.Build.0 = Release|x86
		{429A771E-9FAF-4F3F-BFB0-0BD5A01285B4}.Ad-Hoc|iPhoneSimulator.Deploy.0 = Release|x86
		{429A771E-9FAF-4F3F-BFB0-0BD5A01285B4}.Ad-Hoc|x64.ActiveCfg = Release|x64
		{429A771E-9FAF-4F3F-BFB0-0BD5A01285B4}.Ad-Hoc|x64.Build.0 = Release|x64
		{429A771E-9FAF-4F3F-BFB0-0BD5A01285B4}.Ad-Hoc|x64.Deploy.0 = Release|x64
		{429A771E-9FAF-4F3F-BFB0-0BD5A01285B4}.Ad-Hoc|x86.ActiveCfg = Release|x86
		{429A771E-9FAF-4F3F-BFB0-0BD5A01285B4}.Ad-Hoc|x86.Build.0 = Release|x86
		{429A771E-9FAF-4F3F-BFB0-0BD5A01285B4}.Ad-Hoc|x86.Deploy.0 = Release|x86
		{429A771E-9FAF-4F3F-BFB0-0BD5A01285B4}.AppStore|Any CPU.ActiveCfg = Release|x86
		{429A771E-9FAF-4F3F-BFB0-0BD5A01285B4}.AppStore|Any CPU.Build.0 = Release|x86
		{429A771E-9FAF-4F3F-BFB0-0BD5A01285B4}.AppStore|Any CPU.Deploy.0 = Release|x86
		{429A771E-9FAF-4F3F-BFB0-0BD5A01285B4}.AppStore|ARM.ActiveCfg = Release|ARM
		{429A771E-9FAF-4F3F-BFB0-0BD5A01285B4}.AppStore|ARM.Build.0 = Release|ARM
		{429A771E-9FAF-4F3F-BFB0-0BD5A01285B4}.AppStore|ARM.Deploy.0 = Release|ARM
		{429A771E-9FAF-4F3F-BFB0-0BD5A01285B4}.AppStore|iPhone.ActiveCfg = Release|x86
		{429A771E-9FAF-4F3F-BFB0-0BD5A01285B4}.AppStore|iPhone.Build.0 = Release|x86
		{429A771E-9FAF-4F3F-BFB0-0BD5A01285B4}.AppStore|iPhone.Deploy.0 = Release|x86
		{429A771E-9FAF-4F3F-BFB0-0BD5A01285B4}.AppStore|iPhoneSimulator.ActiveCfg = Release|x86
		{429A771E-9FAF-4F3F-BFB0-0BD5A01285B4}.AppStore|iPhoneSimulator.Build.0 = Release|x86
		{429A771E-9FAF-4F3F-BFB0-0BD5A01285B4}.AppStore|iPhoneSimulator.Deploy.0 = Release|x86
		{429A771E-9FAF-4F3F-BFB0-0BD5A01285B4}.AppStore|x64.ActiveCfg = Release|x64
		{429A771E-9FAF-4F3F-BFB0-0BD5A01285B4}.AppStore|x64.Build.0 = Release|x64
		{429A771E-9FAF-4F3F-BFB0-0BD5A01285B4}.AppStore|x64.Deploy.0 = Release|x64
		{429A771E-9FAF-4F3F-BFB0-0BD5A01285B4}.AppStore|x86.ActiveCfg = Release|x86
		{429A771E-9FAF-4F3F-BFB0-0BD5A01285B4}.AppStore|x86.Build.0 = Release|x86
		{429A771E-9FAF-4F3F-BFB0-0BD5A01285B4}.AppStore|x86.Deploy.0 = Release|x86
		{429A771E-9FAF-4F3F-BFB0-0BD5A01285B4}.Debug|Any CPU.ActiveCfg = Debug|x86
		{429A771E-9FAF-4F3F-BFB0-0BD5A01285B4}.Debug|ARM.ActiveCfg = Debug|ARM
		{429A771E-9FAF-4F3F-BFB0-0BD5A01285B4}.Debug|ARM.Build.0 = Debug|ARM
		{429A771E-9FAF-4F3F-BFB0-0BD5A01285B4}.Debug|ARM.Deploy.0 = Debug|ARM
		{429A771E-9FAF-4F3F-BFB0-0BD5A01285B4}.Debug|iPhone.ActiveCfg = Debug|x86
		{429A771E-9FAF-4F3F-BFB0-0BD5A01285B4}.Debug|iPhoneSimulator.ActiveCfg = Debug|x86
		{429A771E-9FAF-4F3F-BFB0-0BD5A01285B4}.Debug|x64.ActiveCfg = Debug|x64
		{429A771E-9FAF-4F3F-BFB0-0BD5A01285B4}.Debug|x64.Build.0 = Debug|x64
		{429A771E-9FAF-4F3F-BFB0-0BD5A01285B4}.Debug|x64.Deploy.0 = Debug|x64
		{429A771E-9FAF-4F3F-BFB0-0BD5A01285B4}.Debug|x86.ActiveCfg = Debug|x86
		{429A771E-9FAF-4F3F-BFB0-0BD5A01285B4}.Debug|x86.Build.0 = Debug|x86
		{429A771E-9FAF-4F3F-BFB0-0BD5A01285B4}.Debug|x86.Deploy.0 = Debug|x86
		{429A771E-9FAF-4F3F-BFB0-0BD5A01285B4}.Release|Any CPU.ActiveCfg = Release|x86
		{429A771E-9FAF-4F3F-BFB0-0BD5A01285B4}.Release|ARM.ActiveCfg = Release|ARM
		{429A771E-9FAF-4F3F-BFB0-0BD5A01285B4}.Release|ARM.Build.0 = Release|ARM
		{429A771E-9FAF-4F3F-BFB0-0BD5A01285B4}.Release|ARM.Deploy.0 = Release|ARM
		{429A771E-9FAF-4F3F-BFB0-0BD5A01285B4}.Release|iPhone.ActiveCfg = Release|x86
		{429A771E-9FAF-4F3F-BFB0-0BD5A01285B4}.Release|iPhoneSimulator.ActiveCfg = Release|x86
		{429A771E-9FAF-4F3F-BFB0-0BD5A01285B4}.Release|x64.ActiveCfg = Release|x64
		{429A771E-9FAF-4F3F-BFB0-0BD5A01285B4}.Release|x64.Build.0 = Release|x64
		{429A771E-9FAF-4F3F-BFB0-0BD5A01285B4}.Release|x64.Deploy.0 = Release|x64
		{429A771E-9FAF-4F3F-BFB0-0BD5A01285B4}.Release|x86.ActiveCfg = Release|x86
		{429A771E-9FAF-4F3F-BFB0-0BD5A01285B4}.Release|x86.Build.0 = Release|x86
		{429A771E-9FAF-4F3F-BFB0-0BD5A01285B4}.Release|x86.Deploy.0 = Release|x86
		{BC2EFABD-D98D-496B-8476-50F5986C3235}.Ad-Hoc|Any CPU.ActiveCfg = Release|Any CPU
		{BC2EFABD-D98D-496B-8476-50F5986C3235}.Ad-Hoc|Any CPU.Build.0 = Release|Any CPU
		{BC2EFABD-D98D-496B-8476-50F5986C3235}.Ad-Hoc|ARM.ActiveCfg = Release|Any CPU
		{BC2EFABD-D98D-496B-8476-50F5986C3235}.Ad-Hoc|ARM.Build.0 = Release|Any CPU
		{BC2EFABD-D98D-496B-8476-50F5986C3235}.Ad-Hoc|iPhone.ActiveCfg = Release|Any CPU
		{BC2EFABD-D98D-496B-8476-50F5986C3235}.Ad-Hoc|iPhone.Build.0 = Release|Any CPU
		{BC2EFABD-D98D-496B-8476-50F5986C3235}.Ad-Hoc|iPhoneSimulator.ActiveCfg = Release|Any CPU
		{BC2EFABD-D98D-496B-8476-50F5986C3235}.Ad-Hoc|iPhoneSimulator.Build.0 = Release|Any CPU
		{BC2EFABD-D98D-496B-8476-50F5986C3235}.Ad-Hoc|x64.ActiveCfg = Release|Any CPU
		{BC2EFABD-D98D-496B-8476-50F5986C3235}.Ad-Hoc|x64.Build.0 = Release|Any CPU
		{BC2EFABD-D98D-496B-8476-50F5986C3235}.Ad-Hoc|x86.ActiveCfg = Release|Any CPU
		{BC2EFABD-D98D-496B-8476-50F5986C3235}.Ad-Hoc|x86.Build.0 = Release|Any CPU
		{BC2EFABD-D98D-496B-8476-50F5986C3235}.AppStore|Any CPU.ActiveCfg = Release|Any CPU
		{BC2EFABD-D98D-496B-8476-50F5986C3235}.AppStore|Any CPU.Build.0 = Release|Any CPU
		{BC2EFABD-D98D-496B-8476-50F5986C3235}.AppStore|ARM.ActiveCfg = Release|Any CPU
		{BC2EFABD-D98D-496B-8476-50F5986C3235}.AppStore|ARM.Build.0 = Release|Any CPU
		{BC2EFABD-D98D-496B-8476-50F5986C3235}.AppStore|iPhone.ActiveCfg = Release|Any CPU
		{BC2EFABD-D98D-496B-8476-50F5986C3235}.AppStore|iPhone.Build.0 = Release|Any CPU
		{BC2EFABD-D98D-496B-8476-50F5986C3235}.AppStore|iPhoneSimulator.ActiveCfg = Release|Any CPU
		{BC2EFABD-D98D-496B-8476-50F5986C3235}.AppStore|iPhoneSimulator.Build.0 = Release|Any CPU
		{BC2EFABD-D98D-496B-8476-50F5986C3235}.AppStore|x64.ActiveCfg = Release|Any CPU
		{BC2EFABD-D98D-496B-8476-50F5986C3235}.AppStore|x64.Build.0 = Release|Any CPU
		{BC2EFABD-D98D-496B-8476-50F5986C3235}.AppStore|x86.ActiveCfg = Release|Any CPU
		{BC2EFABD-D98D-496B-8476-50F5986C3235}.AppStore|x86.Build.0 = Release|Any CPU
		{BC2EFABD-D98D-496B-8476-50F5986C3235}.Debug|Any CPU.ActiveCfg = Debug|Any CPU
		{BC2EFABD-D98D-496B-8476-50F5986C3235}.Debug|Any CPU.Build.0 = Debug|Any CPU
		{BC2EFABD-D98D-496B-8476-50F5986C3235}.Debug|ARM.ActiveCfg = Debug|Any CPU
		{BC2EFABD-D98D-496B-8476-50F5986C3235}.Debug|ARM.Build.0 = Debug|Any CPU
		{BC2EFABD-D98D-496B-8476-50F5986C3235}.Debug|iPhone.ActiveCfg = Debug|Any CPU
		{BC2EFABD-D98D-496B-8476-50F5986C3235}.Debug|iPhone.Build.0 = Debug|Any CPU
		{BC2EFABD-D98D-496B-8476-50F5986C3235}.Debug|iPhoneSimulator.ActiveCfg = Debug|Any CPU
		{BC2EFABD-D98D-496B-8476-50F5986C3235}.Debug|iPhoneSimulator.Build.0 = Debug|Any CPU
		{BC2EFABD-D98D-496B-8476-50F5986C3235}.Debug|x64.ActiveCfg = Debug|Any CPU
		{BC2EFABD-D98D-496B-8476-50F5986C3235}.Debug|x64.Build.0 = Debug|Any CPU
		{BC2EFABD-D98D-496B-8476-50F5986C3235}.Debug|x86.ActiveCfg = Debug|Any CPU
		{BC2EFABD-D98D-496B-8476-50F5986C3235}.Debug|x86.Build.0 = Debug|Any CPU
		{BC2EFABD-D98D-496B-8476-50F5986C3235}.Release|Any CPU.ActiveCfg = Release|Any CPU
		{BC2EFABD-D98D-496B-8476-50F5986C3235}.Release|Any CPU.Build.0 = Release|Any CPU
		{BC2EFABD-D98D-496B-8476-50F5986C3235}.Release|ARM.ActiveCfg = Release|Any CPU
		{BC2EFABD-D98D-496B-8476-50F5986C3235}.Release|ARM.Build.0 = Release|Any CPU
		{BC2EFABD-D98D-496B-8476-50F5986C3235}.Release|iPhone.ActiveCfg = Release|Any CPU
		{BC2EFABD-D98D-496B-8476-50F5986C3235}.Release|iPhone.Build.0 = Release|Any CPU
		{BC2EFABD-D98D-496B-8476-50F5986C3235}.Release|iPhoneSimulator.ActiveCfg = Release|Any CPU
		{BC2EFABD-D98D-496B-8476-50F5986C3235}.Release|iPhoneSimulator.Build.0 = Release|Any CPU
		{BC2EFABD-D98D-496B-8476-50F5986C3235}.Release|x64.ActiveCfg = Release|Any CPU
		{BC2EFABD-D98D-496B-8476-50F5986C3235}.Release|x64.Build.0 = Release|Any CPU
		{BC2EFABD-D98D-496B-8476-50F5986C3235}.Release|x86.ActiveCfg = Release|Any CPU
		{BC2EFABD-D98D-496B-8476-50F5986C3235}.Release|x86.Build.0 = Release|Any CPU
		{BBEFF398-49BA-413F-ACC5-493C268498F4}.Ad-Hoc|Any CPU.ActiveCfg = Release|Any CPU
		{BBEFF398-49BA-413F-ACC5-493C268498F4}.Ad-Hoc|Any CPU.Build.0 = Release|Any CPU
		{BBEFF398-49BA-413F-ACC5-493C268498F4}.Ad-Hoc|ARM.ActiveCfg = Release|Any CPU
		{BBEFF398-49BA-413F-ACC5-493C268498F4}.Ad-Hoc|ARM.Build.0 = Release|Any CPU
		{BBEFF398-49BA-413F-ACC5-493C268498F4}.Ad-Hoc|iPhone.ActiveCfg = Release|Any CPU
		{BBEFF398-49BA-413F-ACC5-493C268498F4}.Ad-Hoc|iPhone.Build.0 = Release|Any CPU
		{BBEFF398-49BA-413F-ACC5-493C268498F4}.Ad-Hoc|iPhoneSimulator.ActiveCfg = Release|Any CPU
		{BBEFF398-49BA-413F-ACC5-493C268498F4}.Ad-Hoc|iPhoneSimulator.Build.0 = Release|Any CPU
		{BBEFF398-49BA-413F-ACC5-493C268498F4}.Ad-Hoc|x64.ActiveCfg = Release|Any CPU
		{BBEFF398-49BA-413F-ACC5-493C268498F4}.Ad-Hoc|x64.Build.0 = Release|Any CPU
		{BBEFF398-49BA-413F-ACC5-493C268498F4}.Ad-Hoc|x86.ActiveCfg = Release|Any CPU
		{BBEFF398-49BA-413F-ACC5-493C268498F4}.Ad-Hoc|x86.Build.0 = Release|Any CPU
		{BBEFF398-49BA-413F-ACC5-493C268498F4}.AppStore|Any CPU.ActiveCfg = Release|Any CPU
		{BBEFF398-49BA-413F-ACC5-493C268498F4}.AppStore|Any CPU.Build.0 = Release|Any CPU
		{BBEFF398-49BA-413F-ACC5-493C268498F4}.AppStore|ARM.ActiveCfg = Release|Any CPU
		{BBEFF398-49BA-413F-ACC5-493C268498F4}.AppStore|ARM.Build.0 = Release|Any CPU
		{BBEFF398-49BA-413F-ACC5-493C268498F4}.AppStore|iPhone.ActiveCfg = Release|Any CPU
		{BBEFF398-49BA-413F-ACC5-493C268498F4}.AppStore|iPhone.Build.0 = Release|Any CPU
		{BBEFF398-49BA-413F-ACC5-493C268498F4}.AppStore|iPhoneSimulator.ActiveCfg = Release|Any CPU
		{BBEFF398-49BA-413F-ACC5-493C268498F4}.AppStore|iPhoneSimulator.Build.0 = Release|Any CPU
		{BBEFF398-49BA-413F-ACC5-493C268498F4}.AppStore|x64.ActiveCfg = Release|Any CPU
		{BBEFF398-49BA-413F-ACC5-493C268498F4}.AppStore|x64.Build.0 = Release|Any CPU
		{BBEFF398-49BA-413F-ACC5-493C268498F4}.AppStore|x86.ActiveCfg = Release|Any CPU
		{BBEFF398-49BA-413F-ACC5-493C268498F4}.AppStore|x86.Build.0 = Release|Any CPU
		{BBEFF398-49BA-413F-ACC5-493C268498F4}.Debug|Any CPU.ActiveCfg = Debug|Any CPU
		{BBEFF398-49BA-413F-ACC5-493C268498F4}.Debug|Any CPU.Build.0 = Debug|Any CPU
		{BBEFF398-49BA-413F-ACC5-493C268498F4}.Debug|ARM.ActiveCfg = Debug|Any CPU
		{BBEFF398-49BA-413F-ACC5-493C268498F4}.Debug|ARM.Build.0 = Debug|Any CPU
		{BBEFF398-49BA-413F-ACC5-493C268498F4}.Debug|iPhone.ActiveCfg = Debug|Any CPU
		{BBEFF398-49BA-413F-ACC5-493C268498F4}.Debug|iPhone.Build.0 = Debug|Any CPU
		{BBEFF398-49BA-413F-ACC5-493C268498F4}.Debug|iPhoneSimulator.ActiveCfg = Debug|Any CPU
		{BBEFF398-49BA-413F-ACC5-493C268498F4}.Debug|iPhoneSimulator.Build.0 = Debug|Any CPU
		{BBEFF398-49BA-413F-ACC5-493C268498F4}.Debug|x64.ActiveCfg = Debug|Any CPU
		{BBEFF398-49BA-413F-ACC5-493C268498F4}.Debug|x64.Build.0 = Debug|Any CPU
		{BBEFF398-49BA-413F-ACC5-493C268498F4}.Debug|x86.ActiveCfg = Debug|Any CPU
		{BBEFF398-49BA-413F-ACC5-493C268498F4}.Debug|x86.Build.0 = Debug|Any CPU
		{BBEFF398-49BA-413F-ACC5-493C268498F4}.Release|Any CPU.ActiveCfg = Release|Any CPU
		{BBEFF398-49BA-413F-ACC5-493C268498F4}.Release|Any CPU.Build.0 = Release|Any CPU
		{BBEFF398-49BA-413F-ACC5-493C268498F4}.Release|ARM.ActiveCfg = Release|Any CPU
		{BBEFF398-49BA-413F-ACC5-493C268498F4}.Release|ARM.Build.0 = Release|Any CPU
		{BBEFF398-49BA-413F-ACC5-493C268498F4}.Release|iPhone.ActiveCfg = Release|Any CPU
		{BBEFF398-49BA-413F-ACC5-493C268498F4}.Release|iPhone.Build.0 = Release|Any CPU
		{BBEFF398-49BA-413F-ACC5-493C268498F4}.Release|iPhoneSimulator.ActiveCfg = Release|Any CPU
		{BBEFF398-49BA-413F-ACC5-493C268498F4}.Release|iPhoneSimulator.Build.0 = Release|Any CPU
		{BBEFF398-49BA-413F-ACC5-493C268498F4}.Release|x64.ActiveCfg = Release|Any CPU
		{BBEFF398-49BA-413F-ACC5-493C268498F4}.Release|x64.Build.0 = Release|Any CPU
		{BBEFF398-49BA-413F-ACC5-493C268498F4}.Release|x86.ActiveCfg = Release|Any CPU
		{BBEFF398-49BA-413F-ACC5-493C268498F4}.Release|x86.Build.0 = Release|Any CPU
		{E3925FC1-930E-47CA-BFCD-9DE0D85A978C}.Ad-Hoc|Any CPU.ActiveCfg = Release|Any CPU
		{E3925FC1-930E-47CA-BFCD-9DE0D85A978C}.Ad-Hoc|Any CPU.Build.0 = Release|Any CPU
		{E3925FC1-930E-47CA-BFCD-9DE0D85A978C}.Ad-Hoc|ARM.ActiveCfg = Release|Any CPU
		{E3925FC1-930E-47CA-BFCD-9DE0D85A978C}.Ad-Hoc|ARM.Build.0 = Release|Any CPU
		{E3925FC1-930E-47CA-BFCD-9DE0D85A978C}.Ad-Hoc|iPhone.ActiveCfg = Release|Any CPU
		{E3925FC1-930E-47CA-BFCD-9DE0D85A978C}.Ad-Hoc|iPhone.Build.0 = Release|Any CPU
		{E3925FC1-930E-47CA-BFCD-9DE0D85A978C}.Ad-Hoc|iPhoneSimulator.ActiveCfg = Release|Any CPU
		{E3925FC1-930E-47CA-BFCD-9DE0D85A978C}.Ad-Hoc|iPhoneSimulator.Build.0 = Release|Any CPU
		{E3925FC1-930E-47CA-BFCD-9DE0D85A978C}.Ad-Hoc|x64.ActiveCfg = Release|Any CPU
		{E3925FC1-930E-47CA-BFCD-9DE0D85A978C}.Ad-Hoc|x64.Build.0 = Release|Any CPU
		{E3925FC1-930E-47CA-BFCD-9DE0D85A978C}.Ad-Hoc|x86.ActiveCfg = Release|Any CPU
		{E3925FC1-930E-47CA-BFCD-9DE0D85A978C}.Ad-Hoc|x86.Build.0 = Release|Any CPU
		{E3925FC1-930E-47CA-BFCD-9DE0D85A978C}.AppStore|Any CPU.ActiveCfg = Release|Any CPU
		{E3925FC1-930E-47CA-BFCD-9DE0D85A978C}.AppStore|Any CPU.Build.0 = Release|Any CPU
		{E3925FC1-930E-47CA-BFCD-9DE0D85A978C}.AppStore|ARM.ActiveCfg = Release|Any CPU
		{E3925FC1-930E-47CA-BFCD-9DE0D85A978C}.AppStore|ARM.Build.0 = Release|Any CPU
		{E3925FC1-930E-47CA-BFCD-9DE0D85A978C}.AppStore|iPhone.ActiveCfg = Release|Any CPU
		{E3925FC1-930E-47CA-BFCD-9DE0D85A978C}.AppStore|iPhone.Build.0 = Release|Any CPU
		{E3925FC1-930E-47CA-BFCD-9DE0D85A978C}.AppStore|iPhoneSimulator.ActiveCfg = Release|Any CPU
		{E3925FC1-930E-47CA-BFCD-9DE0D85A978C}.AppStore|iPhoneSimulator.Build.0 = Release|Any CPU
		{E3925FC1-930E-47CA-BFCD-9DE0D85A978C}.AppStore|x64.ActiveCfg = Release|Any CPU
		{E3925FC1-930E-47CA-BFCD-9DE0D85A978C}.AppStore|x64.Build.0 = Release|Any CPU
		{E3925FC1-930E-47CA-BFCD-9DE0D85A978C}.AppStore|x86.ActiveCfg = Release|Any CPU
		{E3925FC1-930E-47CA-BFCD-9DE0D85A978C}.AppStore|x86.Build.0 = Release|Any CPU
		{E3925FC1-930E-47CA-BFCD-9DE0D85A978C}.Debug|Any CPU.ActiveCfg = Debug|Any CPU
		{E3925FC1-930E-47CA-BFCD-9DE0D85A978C}.Debug|Any CPU.Build.0 = Debug|Any CPU
		{E3925FC1-930E-47CA-BFCD-9DE0D85A978C}.Debug|Any CPU.Deploy.0 = Debug|Any CPU
		{E3925FC1-930E-47CA-BFCD-9DE0D85A978C}.Debug|ARM.ActiveCfg = Debug|Any CPU
		{E3925FC1-930E-47CA-BFCD-9DE0D85A978C}.Debug|ARM.Build.0 = Debug|Any CPU
		{E3925FC1-930E-47CA-BFCD-9DE0D85A978C}.Debug|iPhone.ActiveCfg = Debug|Any CPU
		{E3925FC1-930E-47CA-BFCD-9DE0D85A978C}.Debug|iPhone.Build.0 = Debug|Any CPU
		{E3925FC1-930E-47CA-BFCD-9DE0D85A978C}.Debug|iPhoneSimulator.ActiveCfg = Debug|Any CPU
		{E3925FC1-930E-47CA-BFCD-9DE0D85A978C}.Debug|iPhoneSimulator.Build.0 = Debug|Any CPU
		{E3925FC1-930E-47CA-BFCD-9DE0D85A978C}.Debug|x64.ActiveCfg = Debug|Any CPU
		{E3925FC1-930E-47CA-BFCD-9DE0D85A978C}.Debug|x64.Build.0 = Debug|Any CPU
		{E3925FC1-930E-47CA-BFCD-9DE0D85A978C}.Debug|x86.ActiveCfg = Debug|Any CPU
		{E3925FC1-930E-47CA-BFCD-9DE0D85A978C}.Debug|x86.Build.0 = Debug|Any CPU
		{E3925FC1-930E-47CA-BFCD-9DE0D85A978C}.Release|Any CPU.ActiveCfg = Release|Any CPU
		{E3925FC1-930E-47CA-BFCD-9DE0D85A978C}.Release|Any CPU.Build.0 = Release|Any CPU
		{E3925FC1-930E-47CA-BFCD-9DE0D85A978C}.Release|Any CPU.Deploy.0 = Release|Any CPU
		{E3925FC1-930E-47CA-BFCD-9DE0D85A978C}.Release|ARM.ActiveCfg = Release|Any CPU
		{E3925FC1-930E-47CA-BFCD-9DE0D85A978C}.Release|ARM.Build.0 = Release|Any CPU
		{E3925FC1-930E-47CA-BFCD-9DE0D85A978C}.Release|iPhone.ActiveCfg = Release|Any CPU
		{E3925FC1-930E-47CA-BFCD-9DE0D85A978C}.Release|iPhone.Build.0 = Release|Any CPU
		{E3925FC1-930E-47CA-BFCD-9DE0D85A978C}.Release|iPhoneSimulator.ActiveCfg = Release|Any CPU
		{E3925FC1-930E-47CA-BFCD-9DE0D85A978C}.Release|iPhoneSimulator.Build.0 = Release|Any CPU
		{E3925FC1-930E-47CA-BFCD-9DE0D85A978C}.Release|x64.ActiveCfg = Release|Any CPU
		{E3925FC1-930E-47CA-BFCD-9DE0D85A978C}.Release|x64.Build.0 = Release|Any CPU
		{E3925FC1-930E-47CA-BFCD-9DE0D85A978C}.Release|x86.ActiveCfg = Release|Any CPU
		{E3925FC1-930E-47CA-BFCD-9DE0D85A978C}.Release|x86.Build.0 = Release|Any CPU
		{928F26E7-A8D1-49EF-BBB8-F649A28E7E47}.Ad-Hoc|Any CPU.ActiveCfg = Release|Any CPU
		{928F26E7-A8D1-49EF-BBB8-F649A28E7E47}.Ad-Hoc|Any CPU.Build.0 = Release|Any CPU
		{928F26E7-A8D1-49EF-BBB8-F649A28E7E47}.Ad-Hoc|ARM.ActiveCfg = Release|Any CPU
		{928F26E7-A8D1-49EF-BBB8-F649A28E7E47}.Ad-Hoc|ARM.Build.0 = Release|Any CPU
		{928F26E7-A8D1-49EF-BBB8-F649A28E7E47}.Ad-Hoc|iPhone.ActiveCfg = Release|Any CPU
		{928F26E7-A8D1-49EF-BBB8-F649A28E7E47}.Ad-Hoc|iPhone.Build.0 = Release|Any CPU
		{928F26E7-A8D1-49EF-BBB8-F649A28E7E47}.Ad-Hoc|iPhoneSimulator.ActiveCfg = Release|Any CPU
		{928F26E7-A8D1-49EF-BBB8-F649A28E7E47}.Ad-Hoc|iPhoneSimulator.Build.0 = Release|Any CPU
		{928F26E7-A8D1-49EF-BBB8-F649A28E7E47}.Ad-Hoc|x64.ActiveCfg = Release|Any CPU
		{928F26E7-A8D1-49EF-BBB8-F649A28E7E47}.Ad-Hoc|x64.Build.0 = Release|Any CPU
		{928F26E7-A8D1-49EF-BBB8-F649A28E7E47}.Ad-Hoc|x86.ActiveCfg = Release|Any CPU
		{928F26E7-A8D1-49EF-BBB8-F649A28E7E47}.Ad-Hoc|x86.Build.0 = Release|Any CPU
		{928F26E7-A8D1-49EF-BBB8-F649A28E7E47}.AppStore|Any CPU.ActiveCfg = Release|Any CPU
		{928F26E7-A8D1-49EF-BBB8-F649A28E7E47}.AppStore|Any CPU.Build.0 = Release|Any CPU
		{928F26E7-A8D1-49EF-BBB8-F649A28E7E47}.AppStore|ARM.ActiveCfg = Release|Any CPU
		{928F26E7-A8D1-49EF-BBB8-F649A28E7E47}.AppStore|ARM.Build.0 = Release|Any CPU
		{928F26E7-A8D1-49EF-BBB8-F649A28E7E47}.AppStore|iPhone.ActiveCfg = Release|Any CPU
		{928F26E7-A8D1-49EF-BBB8-F649A28E7E47}.AppStore|iPhone.Build.0 = Release|Any CPU
		{928F26E7-A8D1-49EF-BBB8-F649A28E7E47}.AppStore|iPhoneSimulator.ActiveCfg = Release|Any CPU
		{928F26E7-A8D1-49EF-BBB8-F649A28E7E47}.AppStore|iPhoneSimulator.Build.0 = Release|Any CPU
		{928F26E7-A8D1-49EF-BBB8-F649A28E7E47}.AppStore|x64.ActiveCfg = Release|Any CPU
		{928F26E7-A8D1-49EF-BBB8-F649A28E7E47}.AppStore|x64.Build.0 = Release|Any CPU
		{928F26E7-A8D1-49EF-BBB8-F649A28E7E47}.AppStore|x86.ActiveCfg = Release|Any CPU
		{928F26E7-A8D1-49EF-BBB8-F649A28E7E47}.AppStore|x86.Build.0 = Release|Any CPU
		{928F26E7-A8D1-49EF-BBB8-F649A28E7E47}.Debug|Any CPU.ActiveCfg = Debug|Any CPU
		{928F26E7-A8D1-49EF-BBB8-F649A28E7E47}.Debug|Any CPU.Build.0 = Debug|Any CPU
		{928F26E7-A8D1-49EF-BBB8-F649A28E7E47}.Debug|ARM.ActiveCfg = Debug|Any CPU
		{928F26E7-A8D1-49EF-BBB8-F649A28E7E47}.Debug|ARM.Build.0 = Debug|Any CPU
		{928F26E7-A8D1-49EF-BBB8-F649A28E7E47}.Debug|iPhone.ActiveCfg = Debug|Any CPU
		{928F26E7-A8D1-49EF-BBB8-F649A28E7E47}.Debug|iPhone.Build.0 = Debug|Any CPU
		{928F26E7-A8D1-49EF-BBB8-F649A28E7E47}.Debug|iPhoneSimulator.ActiveCfg = Debug|Any CPU
		{928F26E7-A8D1-49EF-BBB8-F649A28E7E47}.Debug|iPhoneSimulator.Build.0 = Debug|Any CPU
		{928F26E7-A8D1-49EF-BBB8-F649A28E7E47}.Debug|x64.ActiveCfg = Debug|Any CPU
		{928F26E7-A8D1-49EF-BBB8-F649A28E7E47}.Debug|x64.Build.0 = Debug|Any CPU
		{928F26E7-A8D1-49EF-BBB8-F649A28E7E47}.Debug|x86.ActiveCfg = Debug|Any CPU
		{928F26E7-A8D1-49EF-BBB8-F649A28E7E47}.Debug|x86.Build.0 = Debug|Any CPU
		{928F26E7-A8D1-49EF-BBB8-F649A28E7E47}.Release|Any CPU.ActiveCfg = Release|Any CPU
		{928F26E7-A8D1-49EF-BBB8-F649A28E7E47}.Release|Any CPU.Build.0 = Release|Any CPU
		{928F26E7-A8D1-49EF-BBB8-F649A28E7E47}.Release|ARM.ActiveCfg = Release|Any CPU
		{928F26E7-A8D1-49EF-BBB8-F649A28E7E47}.Release|ARM.Build.0 = Release|Any CPU
		{928F26E7-A8D1-49EF-BBB8-F649A28E7E47}.Release|iPhone.ActiveCfg = Release|Any CPU
		{928F26E7-A8D1-49EF-BBB8-F649A28E7E47}.Release|iPhone.Build.0 = Release|Any CPU
		{928F26E7-A8D1-49EF-BBB8-F649A28E7E47}.Release|iPhoneSimulator.ActiveCfg = Release|Any CPU
		{928F26E7-A8D1-49EF-BBB8-F649A28E7E47}.Release|iPhoneSimulator.Build.0 = Release|Any CPU
		{928F26E7-A8D1-49EF-BBB8-F649A28E7E47}.Release|x64.ActiveCfg = Release|Any CPU
		{928F26E7-A8D1-49EF-BBB8-F649A28E7E47}.Release|x64.Build.0 = Release|Any CPU
		{928F26E7-A8D1-49EF-BBB8-F649A28E7E47}.Release|x86.ActiveCfg = Release|Any CPU
		{928F26E7-A8D1-49EF-BBB8-F649A28E7E47}.Release|x86.Build.0 = Release|Any CPU
		{439ED6A6-81B1-4235-A4D0-7E8707832418}.Ad-Hoc|Any CPU.ActiveCfg = Release|x64
		{439ED6A6-81B1-4235-A4D0-7E8707832418}.Ad-Hoc|Any CPU.Build.0 = Release|x64
		{439ED6A6-81B1-4235-A4D0-7E8707832418}.Ad-Hoc|Any CPU.Deploy.0 = Release|x64
		{439ED6A6-81B1-4235-A4D0-7E8707832418}.Ad-Hoc|ARM.ActiveCfg = Release|ARM
		{439ED6A6-81B1-4235-A4D0-7E8707832418}.Ad-Hoc|ARM.Build.0 = Release|ARM
		{439ED6A6-81B1-4235-A4D0-7E8707832418}.Ad-Hoc|ARM.Deploy.0 = Release|ARM
		{439ED6A6-81B1-4235-A4D0-7E8707832418}.Ad-Hoc|ARM64.ActiveCfg = Release|ARM64
		{439ED6A6-81B1-4235-A4D0-7E8707832418}.Ad-Hoc|ARM64.Build.0 = Release|ARM64
		{439ED6A6-81B1-4235-A4D0-7E8707832418}.Ad-Hoc|ARM64.Deploy.0 = Release|ARM64
		{439ED6A6-81B1-4235-A4D0-7E8707832418}.Ad-Hoc|iPhone.ActiveCfg = Release|x64
		{439ED6A6-81B1-4235-A4D0-7E8707832418}.Ad-Hoc|iPhone.Build.0 = Release|x64
		{439ED6A6-81B1-4235-A4D0-7E8707832418}.Ad-Hoc|iPhone.Deploy.0 = Release|x64
		{439ED6A6-81B1-4235-A4D0-7E8707832418}.Ad-Hoc|iPhoneSimulator.ActiveCfg = Release|x64
		{439ED6A6-81B1-4235-A4D0-7E8707832418}.Ad-Hoc|iPhoneSimulator.Build.0 = Release|x64
		{439ED6A6-81B1-4235-A4D0-7E8707832418}.Ad-Hoc|iPhoneSimulator.Deploy.0 = Release|x64
		{439ED6A6-81B1-4235-A4D0-7E8707832418}.Ad-Hoc|x64.ActiveCfg = Release|x64
		{439ED6A6-81B1-4235-A4D0-7E8707832418}.Ad-Hoc|x64.Build.0 = Release|x64
		{439ED6A6-81B1-4235-A4D0-7E8707832418}.Ad-Hoc|x64.Deploy.0 = Release|x64
		{439ED6A6-81B1-4235-A4D0-7E8707832418}.Ad-Hoc|x86.ActiveCfg = Release|x86
		{439ED6A6-81B1-4235-A4D0-7E8707832418}.Ad-Hoc|x86.Build.0 = Release|x86
		{439ED6A6-81B1-4235-A4D0-7E8707832418}.Ad-Hoc|x86.Deploy.0 = Release|x86
		{439ED6A6-81B1-4235-A4D0-7E8707832418}.AppStore|Any CPU.ActiveCfg = Release|x64
		{439ED6A6-81B1-4235-A4D0-7E8707832418}.AppStore|Any CPU.Build.0 = Release|x64
		{439ED6A6-81B1-4235-A4D0-7E8707832418}.AppStore|Any CPU.Deploy.0 = Release|x64
		{439ED6A6-81B1-4235-A4D0-7E8707832418}.AppStore|ARM.ActiveCfg = Release|ARM
		{439ED6A6-81B1-4235-A4D0-7E8707832418}.AppStore|ARM.Build.0 = Release|ARM
		{439ED6A6-81B1-4235-A4D0-7E8707832418}.AppStore|ARM.Deploy.0 = Release|ARM
		{439ED6A6-81B1-4235-A4D0-7E8707832418}.AppStore|ARM64.ActiveCfg = Release|ARM64
		{439ED6A6-81B1-4235-A4D0-7E8707832418}.AppStore|ARM64.Build.0 = Release|ARM64
		{439ED6A6-81B1-4235-A4D0-7E8707832418}.AppStore|ARM64.Deploy.0 = Release|ARM64
		{439ED6A6-81B1-4235-A4D0-7E8707832418}.AppStore|iPhone.ActiveCfg = Release|x64
		{439ED6A6-81B1-4235-A4D0-7E8707832418}.AppStore|iPhone.Build.0 = Release|x64
		{439ED6A6-81B1-4235-A4D0-7E8707832418}.AppStore|iPhone.Deploy.0 = Release|x64
		{439ED6A6-81B1-4235-A4D0-7E8707832418}.AppStore|iPhoneSimulator.ActiveCfg = Release|x64
		{439ED6A6-81B1-4235-A4D0-7E8707832418}.AppStore|iPhoneSimulator.Build.0 = Release|x64
		{439ED6A6-81B1-4235-A4D0-7E8707832418}.AppStore|iPhoneSimulator.Deploy.0 = Release|x64
		{439ED6A6-81B1-4235-A4D0-7E8707832418}.AppStore|x64.ActiveCfg = Release|x64
		{439ED6A6-81B1-4235-A4D0-7E8707832418}.AppStore|x64.Build.0 = Release|x64
		{439ED6A6-81B1-4235-A4D0-7E8707832418}.AppStore|x64.Deploy.0 = Release|x64
		{439ED6A6-81B1-4235-A4D0-7E8707832418}.AppStore|x86.ActiveCfg = Release|x86
		{439ED6A6-81B1-4235-A4D0-7E8707832418}.AppStore|x86.Build.0 = Release|x86
		{439ED6A6-81B1-4235-A4D0-7E8707832418}.AppStore|x86.Deploy.0 = Release|x86
		{439ED6A6-81B1-4235-A4D0-7E8707832418}.Debug|Any CPU.ActiveCfg = Debug|x86
		{439ED6A6-81B1-4235-A4D0-7E8707832418}.Debug|ARM.ActiveCfg = Debug|ARM
		{439ED6A6-81B1-4235-A4D0-7E8707832418}.Debug|ARM.Build.0 = Debug|ARM
		{439ED6A6-81B1-4235-A4D0-7E8707832418}.Debug|ARM.Deploy.0 = Debug|ARM
		{439ED6A6-81B1-4235-A4D0-7E8707832418}.Debug|ARM64.ActiveCfg = Debug|ARM64
		{439ED6A6-81B1-4235-A4D0-7E8707832418}.Debug|ARM64.Build.0 = Debug|ARM64
		{439ED6A6-81B1-4235-A4D0-7E8707832418}.Debug|ARM64.Deploy.0 = Debug|ARM64
		{439ED6A6-81B1-4235-A4D0-7E8707832418}.Debug|iPhone.ActiveCfg = Debug|x86
		{439ED6A6-81B1-4235-A4D0-7E8707832418}.Debug|iPhoneSimulator.ActiveCfg = Debug|x86
		{439ED6A6-81B1-4235-A4D0-7E8707832418}.Debug|x64.ActiveCfg = Debug|x64
		{439ED6A6-81B1-4235-A4D0-7E8707832418}.Debug|x64.Build.0 = Debug|x64
		{439ED6A6-81B1-4235-A4D0-7E8707832418}.Debug|x64.Deploy.0 = Debug|x64
		{439ED6A6-81B1-4235-A4D0-7E8707832418}.Debug|x86.ActiveCfg = Debug|x86
		{439ED6A6-81B1-4235-A4D0-7E8707832418}.Debug|x86.Build.0 = Debug|x86
		{439ED6A6-81B1-4235-A4D0-7E8707832418}.Debug|x86.Deploy.0 = Debug|x86
		{439ED6A6-81B1-4235-A4D0-7E8707832418}.Release|Any CPU.ActiveCfg = Release|x86
		{439ED6A6-81B1-4235-A4D0-7E8707832418}.Release|ARM.ActiveCfg = Release|ARM
		{439ED6A6-81B1-4235-A4D0-7E8707832418}.Release|ARM.Build.0 = Release|ARM
		{439ED6A6-81B1-4235-A4D0-7E8707832418}.Release|ARM.Deploy.0 = Release|ARM
		{439ED6A6-81B1-4235-A4D0-7E8707832418}.Release|ARM64.ActiveCfg = Release|ARM64
		{439ED6A6-81B1-4235-A4D0-7E8707832418}.Release|ARM64.Build.0 = Release|ARM64
		{439ED6A6-81B1-4235-A4D0-7E8707832418}.Release|ARM64.Deploy.0 = Release|ARM64
		{439ED6A6-81B1-4235-A4D0-7E8707832418}.Release|iPhone.ActiveCfg = Release|x86
		{439ED6A6-81B1-4235-A4D0-7E8707832418}.Release|iPhoneSimulator.ActiveCfg = Release|x86
		{439ED6A6-81B1-4235-A4D0-7E8707832418}.Release|x64.ActiveCfg = Release|x64
		{439ED6A6-81B1-4235-A4D0-7E8707832418}.Release|x64.Build.0 = Release|x64
		{439ED6A6-81B1-4235-A4D0-7E8707832418}.Release|x64.Deploy.0 = Release|x64
		{439ED6A6-81B1-4235-A4D0-7E8707832418}.Release|x86.ActiveCfg = Release|x86
		{439ED6A6-81B1-4235-A4D0-7E8707832418}.Release|x86.Build.0 = Release|x86
		{439ED6A6-81B1-4235-A4D0-7E8707832418}.Release|x86.Deploy.0 = Release|x86
		{5F73FEAD-313E-4409-874B-0B267C2EC3AA}.Ad-Hoc|Any CPU.ActiveCfg = Release|Any CPU
		{5F73FEAD-313E-4409-874B-0B267C2EC3AA}.Ad-Hoc|Any CPU.Build.0 = Release|Any CPU
		{5F73FEAD-313E-4409-874B-0B267C2EC3AA}.Ad-Hoc|ARM.ActiveCfg = Release|Any CPU
		{5F73FEAD-313E-4409-874B-0B267C2EC3AA}.Ad-Hoc|ARM.Build.0 = Release|Any CPU
		{5F73FEAD-313E-4409-874B-0B267C2EC3AA}.Ad-Hoc|iPhone.ActiveCfg = Release|Any CPU
		{5F73FEAD-313E-4409-874B-0B267C2EC3AA}.Ad-Hoc|iPhone.Build.0 = Release|Any CPU
		{5F73FEAD-313E-4409-874B-0B267C2EC3AA}.Ad-Hoc|iPhoneSimulator.ActiveCfg = Release|Any CPU
		{5F73FEAD-313E-4409-874B-0B267C2EC3AA}.Ad-Hoc|iPhoneSimulator.Build.0 = Release|Any CPU
		{5F73FEAD-313E-4409-874B-0B267C2EC3AA}.Ad-Hoc|x64.ActiveCfg = Release|Any CPU
		{5F73FEAD-313E-4409-874B-0B267C2EC3AA}.Ad-Hoc|x64.Build.0 = Release|Any CPU
		{5F73FEAD-313E-4409-874B-0B267C2EC3AA}.Ad-Hoc|x86.ActiveCfg = Release|Any CPU
		{5F73FEAD-313E-4409-874B-0B267C2EC3AA}.Ad-Hoc|x86.Build.0 = Release|Any CPU
		{5F73FEAD-313E-4409-874B-0B267C2EC3AA}.AppStore|Any CPU.ActiveCfg = Release|Any CPU
		{5F73FEAD-313E-4409-874B-0B267C2EC3AA}.AppStore|Any CPU.Build.0 = Release|Any CPU
		{5F73FEAD-313E-4409-874B-0B267C2EC3AA}.AppStore|ARM.ActiveCfg = Release|Any CPU
		{5F73FEAD-313E-4409-874B-0B267C2EC3AA}.AppStore|ARM.Build.0 = Release|Any CPU
		{5F73FEAD-313E-4409-874B-0B267C2EC3AA}.AppStore|iPhone.ActiveCfg = Release|Any CPU
		{5F73FEAD-313E-4409-874B-0B267C2EC3AA}.AppStore|iPhone.Build.0 = Release|Any CPU
		{5F73FEAD-313E-4409-874B-0B267C2EC3AA}.AppStore|iPhoneSimulator.ActiveCfg = Release|Any CPU
		{5F73FEAD-313E-4409-874B-0B267C2EC3AA}.AppStore|iPhoneSimulator.Build.0 = Release|Any CPU
		{5F73FEAD-313E-4409-874B-0B267C2EC3AA}.AppStore|x64.ActiveCfg = Release|Any CPU
		{5F73FEAD-313E-4409-874B-0B267C2EC3AA}.AppStore|x64.Build.0 = Release|Any CPU
		{5F73FEAD-313E-4409-874B-0B267C2EC3AA}.AppStore|x86.ActiveCfg = Release|Any CPU
		{5F73FEAD-313E-4409-874B-0B267C2EC3AA}.AppStore|x86.Build.0 = Release|Any CPU
		{5F73FEAD-313E-4409-874B-0B267C2EC3AA}.Debug|Any CPU.ActiveCfg = Debug|Any CPU
		{5F73FEAD-313E-4409-874B-0B267C2EC3AA}.Debug|Any CPU.Build.0 = Debug|Any CPU
		{5F73FEAD-313E-4409-874B-0B267C2EC3AA}.Debug|ARM.ActiveCfg = Debug|Any CPU
		{5F73FEAD-313E-4409-874B-0B267C2EC3AA}.Debug|ARM.Build.0 = Debug|Any CPU
		{5F73FEAD-313E-4409-874B-0B267C2EC3AA}.Debug|iPhone.ActiveCfg = Debug|Any CPU
		{5F73FEAD-313E-4409-874B-0B267C2EC3AA}.Debug|iPhone.Build.0 = Debug|Any CPU
		{5F73FEAD-313E-4409-874B-0B267C2EC3AA}.Debug|iPhoneSimulator.ActiveCfg = Debug|Any CPU
		{5F73FEAD-313E-4409-874B-0B267C2EC3AA}.Debug|iPhoneSimulator.Build.0 = Debug|Any CPU
		{5F73FEAD-313E-4409-874B-0B267C2EC3AA}.Debug|x64.ActiveCfg = Debug|Any CPU
		{5F73FEAD-313E-4409-874B-0B267C2EC3AA}.Debug|x64.Build.0 = Debug|Any CPU
		{5F73FEAD-313E-4409-874B-0B267C2EC3AA}.Debug|x86.ActiveCfg = Debug|Any CPU
		{5F73FEAD-313E-4409-874B-0B267C2EC3AA}.Debug|x86.Build.0 = Debug|Any CPU
		{5F73FEAD-313E-4409-874B-0B267C2EC3AA}.Release|Any CPU.ActiveCfg = Release|Any CPU
		{5F73FEAD-313E-4409-874B-0B267C2EC3AA}.Release|Any CPU.Build.0 = Release|Any CPU
		{5F73FEAD-313E-4409-874B-0B267C2EC3AA}.Release|ARM.ActiveCfg = Release|Any CPU
		{5F73FEAD-313E-4409-874B-0B267C2EC3AA}.Release|ARM.Build.0 = Release|Any CPU
		{5F73FEAD-313E-4409-874B-0B267C2EC3AA}.Release|iPhone.ActiveCfg = Release|Any CPU
		{5F73FEAD-313E-4409-874B-0B267C2EC3AA}.Release|iPhone.Build.0 = Release|Any CPU
		{5F73FEAD-313E-4409-874B-0B267C2EC3AA}.Release|iPhoneSimulator.ActiveCfg = Release|Any CPU
		{5F73FEAD-313E-4409-874B-0B267C2EC3AA}.Release|iPhoneSimulator.Build.0 = Release|Any CPU
		{5F73FEAD-313E-4409-874B-0B267C2EC3AA}.Release|x64.ActiveCfg = Release|Any CPU
		{5F73FEAD-313E-4409-874B-0B267C2EC3AA}.Release|x64.Build.0 = Release|Any CPU
		{5F73FEAD-313E-4409-874B-0B267C2EC3AA}.Release|x86.ActiveCfg = Release|Any CPU
		{5F73FEAD-313E-4409-874B-0B267C2EC3AA}.Release|x86.Build.0 = Release|Any CPU
		{C0700A54-6AE3-4BCF-9978-0D2E81D29F51}.Ad-Hoc|Any CPU.ActiveCfg = Release|Any CPU
		{C0700A54-6AE3-4BCF-9978-0D2E81D29F51}.Ad-Hoc|Any CPU.Build.0 = Release|Any CPU
		{C0700A54-6AE3-4BCF-9978-0D2E81D29F51}.Ad-Hoc|ARM.ActiveCfg = Release|Any CPU
		{C0700A54-6AE3-4BCF-9978-0D2E81D29F51}.Ad-Hoc|ARM.Build.0 = Release|Any CPU
		{C0700A54-6AE3-4BCF-9978-0D2E81D29F51}.Ad-Hoc|iPhone.ActiveCfg = Release|Any CPU
		{C0700A54-6AE3-4BCF-9978-0D2E81D29F51}.Ad-Hoc|iPhone.Build.0 = Release|Any CPU
		{C0700A54-6AE3-4BCF-9978-0D2E81D29F51}.Ad-Hoc|iPhoneSimulator.ActiveCfg = Release|Any CPU
		{C0700A54-6AE3-4BCF-9978-0D2E81D29F51}.Ad-Hoc|iPhoneSimulator.Build.0 = Release|Any CPU
		{C0700A54-6AE3-4BCF-9978-0D2E81D29F51}.Ad-Hoc|x64.ActiveCfg = Release|Any CPU
		{C0700A54-6AE3-4BCF-9978-0D2E81D29F51}.Ad-Hoc|x64.Build.0 = Release|Any CPU
		{C0700A54-6AE3-4BCF-9978-0D2E81D29F51}.Ad-Hoc|x86.ActiveCfg = Release|Any CPU
		{C0700A54-6AE3-4BCF-9978-0D2E81D29F51}.Ad-Hoc|x86.Build.0 = Release|Any CPU
		{C0700A54-6AE3-4BCF-9978-0D2E81D29F51}.AppStore|Any CPU.ActiveCfg = Release|Any CPU
		{C0700A54-6AE3-4BCF-9978-0D2E81D29F51}.AppStore|Any CPU.Build.0 = Release|Any CPU
		{C0700A54-6AE3-4BCF-9978-0D2E81D29F51}.AppStore|ARM.ActiveCfg = Release|Any CPU
		{C0700A54-6AE3-4BCF-9978-0D2E81D29F51}.AppStore|ARM.Build.0 = Release|Any CPU
		{C0700A54-6AE3-4BCF-9978-0D2E81D29F51}.AppStore|iPhone.ActiveCfg = Release|Any CPU
		{C0700A54-6AE3-4BCF-9978-0D2E81D29F51}.AppStore|iPhone.Build.0 = Release|Any CPU
		{C0700A54-6AE3-4BCF-9978-0D2E81D29F51}.AppStore|iPhoneSimulator.ActiveCfg = Release|Any CPU
		{C0700A54-6AE3-4BCF-9978-0D2E81D29F51}.AppStore|iPhoneSimulator.Build.0 = Release|Any CPU
		{C0700A54-6AE3-4BCF-9978-0D2E81D29F51}.AppStore|x64.ActiveCfg = Release|Any CPU
		{C0700A54-6AE3-4BCF-9978-0D2E81D29F51}.AppStore|x64.Build.0 = Release|Any CPU
		{C0700A54-6AE3-4BCF-9978-0D2E81D29F51}.AppStore|x86.ActiveCfg = Release|Any CPU
		{C0700A54-6AE3-4BCF-9978-0D2E81D29F51}.AppStore|x86.Build.0 = Release|Any CPU
		{C0700A54-6AE3-4BCF-9978-0D2E81D29F51}.Debug|Any CPU.ActiveCfg = Debug|Any CPU
		{C0700A54-6AE3-4BCF-9978-0D2E81D29F51}.Debug|Any CPU.Build.0 = Debug|Any CPU
		{C0700A54-6AE3-4BCF-9978-0D2E81D29F51}.Debug|ARM.ActiveCfg = Debug|Any CPU
		{C0700A54-6AE3-4BCF-9978-0D2E81D29F51}.Debug|ARM.Build.0 = Debug|Any CPU
		{C0700A54-6AE3-4BCF-9978-0D2E81D29F51}.Debug|iPhone.ActiveCfg = Debug|Any CPU
		{C0700A54-6AE3-4BCF-9978-0D2E81D29F51}.Debug|iPhone.Build.0 = Debug|Any CPU
		{C0700A54-6AE3-4BCF-9978-0D2E81D29F51}.Debug|iPhoneSimulator.ActiveCfg = Debug|Any CPU
		{C0700A54-6AE3-4BCF-9978-0D2E81D29F51}.Debug|iPhoneSimulator.Build.0 = Debug|Any CPU
		{C0700A54-6AE3-4BCF-9978-0D2E81D29F51}.Debug|x64.ActiveCfg = Debug|Any CPU
		{C0700A54-6AE3-4BCF-9978-0D2E81D29F51}.Debug|x64.Build.0 = Debug|Any CPU
		{C0700A54-6AE3-4BCF-9978-0D2E81D29F51}.Debug|x86.ActiveCfg = Debug|Any CPU
		{C0700A54-6AE3-4BCF-9978-0D2E81D29F51}.Debug|x86.Build.0 = Debug|Any CPU
		{C0700A54-6AE3-4BCF-9978-0D2E81D29F51}.Release|Any CPU.ActiveCfg = Release|Any CPU
		{C0700A54-6AE3-4BCF-9978-0D2E81D29F51}.Release|Any CPU.Build.0 = Release|Any CPU
		{C0700A54-6AE3-4BCF-9978-0D2E81D29F51}.Release|ARM.ActiveCfg = Release|Any CPU
		{C0700A54-6AE3-4BCF-9978-0D2E81D29F51}.Release|ARM.Build.0 = Release|Any CPU
		{C0700A54-6AE3-4BCF-9978-0D2E81D29F51}.Release|iPhone.ActiveCfg = Release|Any CPU
		{C0700A54-6AE3-4BCF-9978-0D2E81D29F51}.Release|iPhone.Build.0 = Release|Any CPU
		{C0700A54-6AE3-4BCF-9978-0D2E81D29F51}.Release|iPhoneSimulator.ActiveCfg = Release|Any CPU
		{C0700A54-6AE3-4BCF-9978-0D2E81D29F51}.Release|iPhoneSimulator.Build.0 = Release|Any CPU
		{C0700A54-6AE3-4BCF-9978-0D2E81D29F51}.Release|x64.ActiveCfg = Release|Any CPU
		{C0700A54-6AE3-4BCF-9978-0D2E81D29F51}.Release|x64.Build.0 = Release|Any CPU
		{C0700A54-6AE3-4BCF-9978-0D2E81D29F51}.Release|x86.ActiveCfg = Release|Any CPU
		{C0700A54-6AE3-4BCF-9978-0D2E81D29F51}.Release|x86.Build.0 = Release|Any CPU
	EndGlobalSection
	GlobalSection(SolutionProperties) = preSolution
		HideSolutionNode = FALSE
	EndGlobalSection
	GlobalSection(ExtensibilityGlobals) = postSolution
		SolutionGuid = {F6D05029-56B8-4E45-AF2D-0E76295DDBA2}
	EndGlobalSection
EndGlobal
